// !$*UTF8*$!
{
	archiveVersion = 1;
	classes = {
	};
	objectVersion = 56;
	objects = {

/* Begin PBXBuildFile section */
		CDF236A52A59B5D100168CFC /* SolatApp.swift in Sources */ = {isa = PBXBuildFile; fileRef = CDF236A42A59B5D100168CFC /* SolatApp.swift */; };
		CDF236A72A59B5D100168CFC /* ContentView.swift in Sources */ = {isa = PBXBuildFile; fileRef = CDF236A62A59B5D100168CFC /* ContentView.swift */; };
		CDF236A92A59B5D300168CFC /* Assets.xcassets in Resources */ = {isa = PBXBuildFile; fileRef = CDF236A82A59B5D300168CFC /* Assets.xcassets */; };
		CDF236AD2A59B5D300168CFC /* Preview Assets.xcassets in Resources */ = {isa = PBXBuildFile; fileRef = CDF236AC2A59B5D300168CFC /* Preview Assets.xcassets */; };
		CDF236B72A59B5D300168CFC /* SolatTests.swift in Sources */ = {isa = PBXBuildFile; fileRef = CDF236B62A59B5D300168CFC /* SolatTests.swift */; };
		CDF236D22A59D0BA00168CFC /* UIColor+Extensions.swift in Sources */ = {isa = PBXBuildFile; fileRef = CDF236D12A59D0BA00168CFC /* UIColor+Extensions.swift */; };
		CDF236D42A59D0E800168CFC /* Color+Extensions.swift in Sources */ = {isa = PBXBuildFile; fileRef = CDF236D32A59D0E800168CFC /* Color+Extensions.swift */; };
/* End PBXBuildFile section */

/* Begin PBXContainerItemProxy section */
		CDF236B32A59B5D300168CFC /* PBXContainerItemProxy */ = {
			isa = PBXContainerItemProxy;
			containerPortal = CDF236992A59B5D100168CFC /* Project object */;
			proxyType = 1;
			remoteGlobalIDString = CDF236A02A59B5D100168CFC;
			remoteInfo = Solat;
		};
/* End PBXContainerItemProxy section */

/* Begin PBXFileReference section */
		CDF236A12A59B5D100168CFC /* Solat.app */ = {isa = PBXFileReference; explicitFileType = wrapper.application; includeInIndex = 0; path = Solat.app; sourceTree = BUILT_PRODUCTS_DIR; };
		CDF236A42A59B5D100168CFC /* SolatApp.swift */ = {isa = PBXFileReference; lastKnownFileType = sourcecode.swift; path = SolatApp.swift; sourceTree = "<group>"; };
		CDF236A62A59B5D100168CFC /* ContentView.swift */ = {isa = PBXFileReference; lastKnownFileType = sourcecode.swift; path = ContentView.swift; sourceTree = "<group>"; };
		CDF236A82A59B5D300168CFC /* Assets.xcassets */ = {isa = PBXFileReference; lastKnownFileType = folder.assetcatalog; path = Assets.xcassets; sourceTree = "<group>"; };
		CDF236AA2A59B5D300168CFC /* Solat.entitlements */ = {isa = PBXFileReference; lastKnownFileType = text.plist.entitlements; path = Solat.entitlements; sourceTree = "<group>"; };
		CDF236AC2A59B5D300168CFC /* Preview Assets.xcassets */ = {isa = PBXFileReference; lastKnownFileType = folder.assetcatalog; path = "Preview Assets.xcassets"; sourceTree = "<group>"; };
		CDF236B22A59B5D300168CFC /* SolatTests.xctest */ = {isa = PBXFileReference; explicitFileType = wrapper.cfbundle; includeInIndex = 0; path = SolatTests.xctest; sourceTree = BUILT_PRODUCTS_DIR; };
		CDF236B62A59B5D300168CFC /* SolatTests.swift */ = {isa = PBXFileReference; lastKnownFileType = sourcecode.swift; path = SolatTests.swift; sourceTree = "<group>"; };
		CDF236D12A59D0BA00168CFC /* UIColor+Extensions.swift */ = {isa = PBXFileReference; lastKnownFileType = sourcecode.swift; path = "UIColor+Extensions.swift"; sourceTree = "<group>"; };
		CDF236D32A59D0E800168CFC /* Color+Extensions.swift */ = {isa = PBXFileReference; lastKnownFileType = sourcecode.swift; path = "Color+Extensions.swift"; sourceTree = "<group>"; };
/* End PBXFileReference section */

/* Begin PBXFrameworksBuildPhase section */
		CDF2369E2A59B5D100168CFC /* Frameworks */ = {
			isa = PBXFrameworksBuildPhase;
			buildActionMask = 2147483647;
			files = (
			);
			runOnlyForDeploymentPostprocessing = 0;
		};
		CDF236AF2A59B5D300168CFC /* Frameworks */ = {
			isa = PBXFrameworksBuildPhase;
			buildActionMask = 2147483647;
			files = (
			);
			runOnlyForDeploymentPostprocessing = 0;
		};
/* End PBXFrameworksBuildPhase section */

/* Begin PBXGroup section */
		CDF236982A59B5D100168CFC = {
			isa = PBXGroup;
			children = (
				CDF236A32A59B5D100168CFC /* Solat */,
				CDF236B52A59B5D300168CFC /* SolatTests */,
				CDF236A22A59B5D100168CFC /* Products */,
			);
			sourceTree = "<group>";
		};
		CDF236A22A59B5D100168CFC /* Products */ = {
			isa = PBXGroup;
			children = (
				CDF236A12A59B5D100168CFC /* Solat.app */,
				CDF236B22A59B5D300168CFC /* SolatTests.xctest */,
			);
			name = Products;
			sourceTree = "<group>";
		};
		CDF236A32A59B5D100168CFC /* Solat */ = {
			isa = PBXGroup;
			children = (
				CDF236D02A59D0A400168CFC /* Extensions */,
				CDF236A42A59B5D100168CFC /* SolatApp.swift */,
				CDF236A62A59B5D100168CFC /* ContentView.swift */,
				CDF236A82A59B5D300168CFC /* Assets.xcassets */,
				CDF236AA2A59B5D300168CFC /* Solat.entitlements */,
				CDF236AB2A59B5D300168CFC /* Preview Content */,
			);
			path = Solat;
			sourceTree = "<group>";
		};
		CDF236AB2A59B5D300168CFC /* Preview Content */ = {
			isa = PBXGroup;
			children = (
				CDF236AC2A59B5D300168CFC /* Preview Assets.xcassets */,
			);
			path = "Preview Content";
			sourceTree = "<group>";
		};
		CDF236B52A59B5D300168CFC /* SolatTests */ = {
			isa = PBXGroup;
			children = (
				CDF236B62A59B5D300168CFC /* SolatTests.swift */,
			);
			path = SolatTests;
			sourceTree = "<group>";
		};
		CDF236D02A59D0A400168CFC /* Extensions */ = {
			isa = PBXGroup;
			children = (
				CDF236D12A59D0BA00168CFC /* UIColor+Extensions.swift */,
				CDF236D32A59D0E800168CFC /* Color+Extensions.swift */,
			);
			path = Extensions;
			sourceTree = "<group>";
		};
/* End PBXGroup section */

/* Begin PBXNativeTarget section */
		CDF236A02A59B5D100168CFC /* Solat */ = {
			isa = PBXNativeTarget;
			buildConfigurationList = CDF236C62A59B5D300168CFC /* Build configuration list for PBXNativeTarget "Solat" */;
			buildPhases = (
				CDF2369D2A59B5D100168CFC /* Sources */,
				CDF2369E2A59B5D100168CFC /* Frameworks */,
				CDF2369F2A59B5D100168CFC /* Resources */,
			);
			buildRules = (
			);
			dependencies = (
			);
			name = Solat;
			productName = Solat;
			productReference = CDF236A12A59B5D100168CFC /* Solat.app */;
			productType = "com.apple.product-type.application";
		};
		CDF236B12A59B5D300168CFC /* SolatTests */ = {
			isa = PBXNativeTarget;
			buildConfigurationList = CDF236C92A59B5D300168CFC /* Build configuration list for PBXNativeTarget "SolatTests" */;
			buildPhases = (
				CDF236AE2A59B5D300168CFC /* Sources */,
				CDF236AF2A59B5D300168CFC /* Frameworks */,
				CDF236B02A59B5D300168CFC /* Resources */,
			);
			buildRules = (
			);
			dependencies = (
				CDF236B42A59B5D300168CFC /* PBXTargetDependency */,
			);
			name = SolatTests;
			productName = SolatTests;
			productReference = CDF236B22A59B5D300168CFC /* SolatTests.xctest */;
			productType = "com.apple.product-type.bundle.unit-test";
		};
/* End PBXNativeTarget section */

/* Begin PBXProject section */
		CDF236992A59B5D100168CFC /* Project object */ = {
			isa = PBXProject;
			attributes = {
				BuildIndependentTargetsInParallel = 1;
				LastSwiftUpdateCheck = 1420;
				LastUpgradeCheck = 1420;
				TargetAttributes = {
					CDF236A02A59B5D100168CFC = {
						CreatedOnToolsVersion = 14.2;
					};
					CDF236B12A59B5D300168CFC = {
						CreatedOnToolsVersion = 14.2;
						TestTargetID = CDF236A02A59B5D100168CFC;
					};
				};
			};
			buildConfigurationList = CDF2369C2A59B5D100168CFC /* Build configuration list for PBXProject "Solat" */;
			compatibilityVersion = "Xcode 14.0";
			developmentRegion = en;
			hasScannedForEncodings = 0;
			knownRegions = (
				en,
				Base,
			);
			mainGroup = CDF236982A59B5D100168CFC;
			productRefGroup = CDF236A22A59B5D100168CFC /* Products */;
			projectDirPath = "";
			projectRoot = "";
			targets = (
				CDF236A02A59B5D100168CFC /* Solat */,
				CDF236B12A59B5D300168CFC /* SolatTests */,
			);
		};
/* End PBXProject section */

/* Begin PBXResourcesBuildPhase section */
		CDF2369F2A59B5D100168CFC /* Resources */ = {
			isa = PBXResourcesBuildPhase;
			buildActionMask = 2147483647;
			files = (
				CDF236AD2A59B5D300168CFC /* Preview Assets.xcassets in Resources */,
				CDF236A92A59B5D300168CFC /* Assets.xcassets in Resources */,
			);
			runOnlyForDeploymentPostprocessing = 0;
		};
		CDF236B02A59B5D300168CFC /* Resources */ = {
			isa = PBXResourcesBuildPhase;
			buildActionMask = 2147483647;
			files = (
			);
			runOnlyForDeploymentPostprocessing = 0;
		};
/* End PBXResourcesBuildPhase section */

/* Begin PBXSourcesBuildPhase section */
		CDF2369D2A59B5D100168CFC /* Sources */ = {
			isa = PBXSourcesBuildPhase;
			buildActionMask = 2147483647;
			files = (
				CDF236A72A59B5D100168CFC /* ContentView.swift in Sources */,
				CDF236D22A59D0BA00168CFC /* UIColor+Extensions.swift in Sources */,
				CDF236A52A59B5D100168CFC /* SolatApp.swift in Sources */,
				CDF236D42A59D0E800168CFC /* Color+Extensions.swift in Sources */,
			);
			runOnlyForDeploymentPostprocessing = 0;
		};
		CDF236AE2A59B5D300168CFC /* Sources */ = {
			isa = PBXSourcesBuildPhase;
			buildActionMask = 2147483647;
			files = (
				CDF236B72A59B5D300168CFC /* SolatTests.swift in Sources */,
			);
			runOnlyForDeploymentPostprocessing = 0;
		};
/* End PBXSourcesBuildPhase section */

/* Begin PBXTargetDependency section */
		CDF236B42A59B5D300168CFC /* PBXTargetDependency */ = {
			isa = PBXTargetDependency;
			target = CDF236A02A59B5D100168CFC /* Solat */;
			targetProxy = CDF236B32A59B5D300168CFC /* PBXContainerItemProxy */;
		};
/* End PBXTargetDependency section */

/* Begin XCBuildConfiguration section */
		CDF236C42A59B5D300168CFC /* Debug */ = {
			isa = XCBuildConfiguration;
			buildSettings = {
				ALWAYS_SEARCH_USER_PATHS = NO;
				CLANG_ANALYZER_NONNULL = YES;
				CLANG_ANALYZER_NUMBER_OBJECT_CONVERSION = YES_AGGRESSIVE;
				CLANG_CXX_LANGUAGE_STANDARD = "gnu++20";
				CLANG_ENABLE_MODULES = YES;
				CLANG_ENABLE_OBJC_ARC = YES;
				CLANG_ENABLE_OBJC_WEAK = YES;
				CLANG_WARN_BLOCK_CAPTURE_AUTORELEASING = YES;
				CLANG_WARN_BOOL_CONVERSION = YES;
				CLANG_WARN_COMMA = YES;
				CLANG_WARN_CONSTANT_CONVERSION = YES;
				CLANG_WARN_DEPRECATED_OBJC_IMPLEMENTATIONS = YES;
				CLANG_WARN_DIRECT_OBJC_ISA_USAGE = YES_ERROR;
				CLANG_WARN_DOCUMENTATION_COMMENTS = YES;
				CLANG_WARN_EMPTY_BODY = YES;
				CLANG_WARN_ENUM_CONVERSION = YES;
				CLANG_WARN_INFINITE_RECURSION = YES;
				CLANG_WARN_INT_CONVERSION = YES;
				CLANG_WARN_NON_LITERAL_NULL_CONVERSION = YES;
				CLANG_WARN_OBJC_IMPLICIT_RETAIN_SELF = YES;
				CLANG_WARN_OBJC_LITERAL_CONVERSION = YES;
				CLANG_WARN_OBJC_ROOT_CLASS = YES_ERROR;
				CLANG_WARN_QUOTED_INCLUDE_IN_FRAMEWORK_HEADER = YES;
				CLANG_WARN_RANGE_LOOP_ANALYSIS = YES;
				CLANG_WARN_STRICT_PROTOTYPES = YES;
				CLANG_WARN_SUSPICIOUS_MOVE = YES;
				CLANG_WARN_UNGUARDED_AVAILABILITY = YES_AGGRESSIVE;
				CLANG_WARN_UNREACHABLE_CODE = YES;
				CLANG_WARN__DUPLICATE_METHOD_MATCH = YES;
				COPY_PHASE_STRIP = NO;
				DEBUG_INFORMATION_FORMAT = dwarf;
				ENABLE_STRICT_OBJC_MSGSEND = YES;
				ENABLE_TESTABILITY = YES;
				GCC_C_LANGUAGE_STANDARD = gnu11;
				GCC_DYNAMIC_NO_PIC = NO;
				GCC_NO_COMMON_BLOCKS = YES;
				GCC_OPTIMIZATION_LEVEL = 0;
				GCC_PREPROCESSOR_DEFINITIONS = (
					"DEBUG=1",
					"$(inherited)",
				);
				GCC_WARN_64_TO_32_BIT_CONVERSION = YES;
				GCC_WARN_ABOUT_RETURN_TYPE = YES_ERROR;
				GCC_WARN_UNDECLARED_SELECTOR = YES;
				GCC_WARN_UNINITIALIZED_AUTOS = YES_AGGRESSIVE;
				GCC_WARN_UNUSED_FUNCTION = YES;
				GCC_WARN_UNUSED_VARIABLE = YES;
				MTL_ENABLE_DEBUG_INFO = INCLUDE_SOURCE;
				MTL_FAST_MATH = YES;
				ONLY_ACTIVE_ARCH = YES;
				SWIFT_ACTIVE_COMPILATION_CONDITIONS = DEBUG;
				SWIFT_OPTIMIZATION_LEVEL = "-Onone";
			};
			name = Debug;
		};
		CDF236C52A59B5D300168CFC /* Release */ = {
			isa = XCBuildConfiguration;
			buildSettings = {
				ALWAYS_SEARCH_USER_PATHS = NO;
				CLANG_ANALYZER_NONNULL = YES;
				CLANG_ANALYZER_NUMBER_OBJECT_CONVERSION = YES_AGGRESSIVE;
				CLANG_CXX_LANGUAGE_STANDARD = "gnu++20";
				CLANG_ENABLE_MODULES = YES;
				CLANG_ENABLE_OBJC_ARC = YES;
				CLANG_ENABLE_OBJC_WEAK = YES;
				CLANG_WARN_BLOCK_CAPTURE_AUTORELEASING = YES;
				CLANG_WARN_BOOL_CONVERSION = YES;
				CLANG_WARN_COMMA = YES;
				CLANG_WARN_CONSTANT_CONVERSION = YES;
				CLANG_WARN_DEPRECATED_OBJC_IMPLEMENTATIONS = YES;
				CLANG_WARN_DIRECT_OBJC_ISA_USAGE = YES_ERROR;
				CLANG_WARN_DOCUMENTATION_COMMENTS = YES;
				CLANG_WARN_EMPTY_BODY = YES;
				CLANG_WARN_ENUM_CONVERSION = YES;
				CLANG_WARN_INFINITE_RECURSION = YES;
				CLANG_WARN_INT_CONVERSION = YES;
				CLANG_WARN_NON_LITERAL_NULL_CONVERSION = YES;
				CLANG_WARN_OBJC_IMPLICIT_RETAIN_SELF = YES;
				CLANG_WARN_OBJC_LITERAL_CONVERSION = YES;
				CLANG_WARN_OBJC_ROOT_CLASS = YES_ERROR;
				CLANG_WARN_QUOTED_INCLUDE_IN_FRAMEWORK_HEADER = YES;
				CLANG_WARN_RANGE_LOOP_ANALYSIS = YES;
				CLANG_WARN_STRICT_PROTOTYPES = YES;
				CLANG_WARN_SUSPICIOUS_MOVE = YES;
				CLANG_WARN_UNGUARDED_AVAILABILITY = YES_AGGRESSIVE;
				CLANG_WARN_UNREACHABLE_CODE = YES;
				CLANG_WARN__DUPLICATE_METHOD_MATCH = YES;
				COPY_PHASE_STRIP = NO;
				DEBUG_INFORMATION_FORMAT = "dwarf-with-dsym";
				ENABLE_NS_ASSERTIONS = NO;
				ENABLE_STRICT_OBJC_MSGSEND = YES;
				GCC_C_LANGUAGE_STANDARD = gnu11;
				GCC_NO_COMMON_BLOCKS = YES;
				GCC_WARN_64_TO_32_BIT_CONVERSION = YES;
				GCC_WARN_ABOUT_RETURN_TYPE = YES_ERROR;
				GCC_WARN_UNDECLARED_SELECTOR = YES;
				GCC_WARN_UNINITIALIZED_AUTOS = YES_AGGRESSIVE;
				GCC_WARN_UNUSED_FUNCTION = YES;
				GCC_WARN_UNUSED_VARIABLE = YES;
				MTL_ENABLE_DEBUG_INFO = NO;
				MTL_FAST_MATH = YES;
				SWIFT_COMPILATION_MODE = wholemodule;
				SWIFT_OPTIMIZATION_LEVEL = "-O";
			};
			name = Release;
		};
		CDF236C72A59B5D300168CFC /* Debug */ = {
			isa = XCBuildConfiguration;
			buildSettings = {
				ASSETCATALOG_COMPILER_APPICON_NAME = AppIcon;
				ASSETCATALOG_COMPILER_GLOBAL_ACCENT_COLOR_NAME = AccentColor;
				CODE_SIGN_ENTITLEMENTS = Solat/Solat.entitlements;
				CODE_SIGN_STYLE = Manual;
				CURRENT_PROJECT_VERSION = 1;
				DEVELOPMENT_ASSET_PATHS = "\"Solat/Preview Content\"";
				DEVELOPMENT_TEAM = "";
				ENABLE_PREVIEWS = YES;
				GENERATE_INFOPLIST_FILE = YES;
				"INFOPLIST_KEY_UIApplicationSceneManifest_Generation[sdk=iphoneos*]" = YES;
				"INFOPLIST_KEY_UIApplicationSceneManifest_Generation[sdk=iphonesimulator*]" = YES;
				"INFOPLIST_KEY_UIApplicationSupportsIndirectInputEvents[sdk=iphoneos*]" = YES;
				"INFOPLIST_KEY_UIApplicationSupportsIndirectInputEvents[sdk=iphonesimulator*]" = YES;
				"INFOPLIST_KEY_UILaunchScreen_Generation[sdk=iphoneos*]" = YES;
				"INFOPLIST_KEY_UILaunchScreen_Generation[sdk=iphonesimulator*]" = YES;
				"INFOPLIST_KEY_UIStatusBarStyle[sdk=iphoneos*]" = UIStatusBarStyleDefault;
				"INFOPLIST_KEY_UIStatusBarStyle[sdk=iphonesimulator*]" = UIStatusBarStyleDefault;
				INFOPLIST_KEY_UISupportedInterfaceOrientations = UIInterfaceOrientationPortrait;
				INFOPLIST_KEY_UISupportedInterfaceOrientations_iPad = "UIInterfaceOrientationLandscapeLeft UIInterfaceOrientationLandscapeRight UIInterfaceOrientationPortrait UIInterfaceOrientationPortraitUpsideDown";
				IPHONEOS_DEPLOYMENT_TARGET = 16.2;
				LD_RUNPATH_SEARCH_PATHS = "@executable_path/Frameworks";
				"LD_RUNPATH_SEARCH_PATHS[sdk=macosx*]" = "@executable_path/../Frameworks";
				MACOSX_DEPLOYMENT_TARGET = 12.6;
				MARKETING_VERSION = 1.0;
				PRODUCT_BUNDLE_IDENTIFIER = com.hanis.Solat;
				PRODUCT_NAME = "$(TARGET_NAME)";
				PROVISIONING_PROFILE_SPECIFIER = "";
				SDKROOT = auto;
				SUPPORTED_PLATFORMS = "iphoneos iphonesimulator macosx";
				SWIFT_EMIT_LOC_STRINGS = YES;
				SWIFT_VERSION = 5.0;
				TARGETED_DEVICE_FAMILY = "1,2";
			};
			name = Debug;
		};
		CDF236C82A59B5D300168CFC /* Release */ = {
			isa = XCBuildConfiguration;
			buildSettings = {
				ASSETCATALOG_COMPILER_APPICON_NAME = AppIcon;
				ASSETCATALOG_COMPILER_GLOBAL_ACCENT_COLOR_NAME = AccentColor;
				CODE_SIGN_ENTITLEMENTS = Solat/Solat.entitlements;
				CODE_SIGN_STYLE = Automatic;
				CURRENT_PROJECT_VERSION = 1;
				DEVELOPMENT_ASSET_PATHS = "\"Solat/Preview Content\"";
				ENABLE_PREVIEWS = YES;
				GENERATE_INFOPLIST_FILE = YES;
				"INFOPLIST_KEY_UIApplicationSceneManifest_Generation[sdk=iphoneos*]" = YES;
				"INFOPLIST_KEY_UIApplicationSceneManifest_Generation[sdk=iphonesimulator*]" = YES;
				"INFOPLIST_KEY_UIApplicationSupportsIndirectInputEvents[sdk=iphoneos*]" = YES;
				"INFOPLIST_KEY_UIApplicationSupportsIndirectInputEvents[sdk=iphonesimulator*]" = YES;
				"INFOPLIST_KEY_UILaunchScreen_Generation[sdk=iphoneos*]" = YES;
				"INFOPLIST_KEY_UILaunchScreen_Generation[sdk=iphonesimulator*]" = YES;
				"INFOPLIST_KEY_UIStatusBarStyle[sdk=iphoneos*]" = UIStatusBarStyleDefault;
				"INFOPLIST_KEY_UIStatusBarStyle[sdk=iphonesimulator*]" = UIStatusBarStyleDefault;
				INFOPLIST_KEY_UISupportedInterfaceOrientations = UIInterfaceOrientationPortrait;
				INFOPLIST_KEY_UISupportedInterfaceOrientations_iPad = "UIInterfaceOrientationLandscapeLeft UIInterfaceOrientationLandscapeRight UIInterfaceOrientationPortrait UIInterfaceOrientationPortraitUpsideDown";
				IPHONEOS_DEPLOYMENT_TARGET = 16.2;
				LD_RUNPATH_SEARCH_PATHS = "@executable_path/Frameworks";
				"LD_RUNPATH_SEARCH_PATHS[sdk=macosx*]" = "@executable_path/../Frameworks";
				MACOSX_DEPLOYMENT_TARGET = 12.6;
				MARKETING_VERSION = 1.0;
				PRODUCT_BUNDLE_IDENTIFIER = com.hanis.Solat;
				PRODUCT_NAME = "$(TARGET_NAME)";
				SDKROOT = auto;
				SUPPORTED_PLATFORMS = "iphoneos iphonesimulator macosx";
				SWIFT_EMIT_LOC_STRINGS = YES;
				SWIFT_VERSION = 5.0;
				TARGETED_DEVICE_FAMILY = "1,2";
			};
			name = Release;
		};
		CDF236CA2A59B5D300168CFC /* Debug */ = {
			isa = XCBuildConfiguration;
			buildSettings = {
				ALWAYS_EMBED_SWIFT_STANDARD_LIBRARIES = YES;
				BUNDLE_LOADER = "$(TEST_HOST)";
				CODE_SIGN_STYLE = Automatic;
				CURRENT_PROJECT_VERSION = 1;
				GENERATE_INFOPLIST_FILE = YES;
				IPHONEOS_DEPLOYMENT_TARGET = 16.2;
				MACOSX_DEPLOYMENT_TARGET = 12.6;
				MARKETING_VERSION = 1.0;
				PRODUCT_BUNDLE_IDENTIFIER = com.hanis.SolatTests;
				PRODUCT_NAME = "$(TARGET_NAME)";
				SDKROOT = auto;
				SUPPORTED_PLATFORMS = "iphoneos iphonesimulator macosx";
				SWIFT_EMIT_LOC_STRINGS = NO;
				SWIFT_VERSION = 5.0;
				TARGETED_DEVICE_FAMILY = "1,2";
				TEST_HOST = "$(BUILT_PRODUCTS_DIR)/Solat.app/$(BUNDLE_EXECUTABLE_FOLDER_PATH)/Solat";
			};
			name = Debug;
		};
		CDF236CB2A59B5D300168CFC /* Release */ = {
			isa = XCBuildConfiguration;
			buildSettings = {
				ALWAYS_EMBED_SWIFT_STANDARD_LIBRARIES = YES;
				BUNDLE_LOADER = "$(TEST_HOST)";
				CODE_SIGN_STYLE = Automatic;
				CURRENT_PROJECT_VERSION = 1;
				GENERATE_INFOPLIST_FILE = YES;
				IPHONEOS_DEPLOYMENT_TARGET = 16.2;
				MACOSX_DEPLOYMENT_TARGET = 12.6;
				MARKETING_VERSION = 1.0;
				PRODUCT_BUNDLE_IDENTIFIER = com.hanis.SolatTests;
				PRODUCT_NAME = "$(TARGET_NAME)";
				SDKROOT = auto;
				SUPPORTED_PLATFORMS = "iphoneos iphonesimulator macosx";
				SWIFT_EMIT_LOC_STRINGS = NO;
				SWIFT_VERSION = 5.0;
				TARGETED_DEVICE_FAMILY = "1,2";
				TEST_HOST = "$(BUILT_PRODUCTS_DIR)/Solat.app/$(BUNDLE_EXECUTABLE_FOLDER_PATH)/Solat";
			};
			name = Release;
		};
/* End XCBuildConfiguration section */

/* Begin XCConfigurationList section */
		CDF2369C2A59B5D100168CFC /* Build configuration list for PBXProject "Solat" */ = {
			isa = XCConfigurationList;
			buildConfigurations = (
				CDF236C42A59B5D300168CFC /* Debug */,
				CDF236C52A59B5D300168CFC /* Release */,
			);
			defaultConfigurationIsVisible = 0;
			defaultConfigurationName = Release;
		};
		CDF236C62A59B5D300168CFC /* Build configuration list for PBXNativeTarget "Solat" */ = {
			isa = XCConfigurationList;
			buildConfigurations = (
				CDF236C72A59B5D300168CFC /* Debug */,
				CDF236C82A59B5D300168CFC /* Release */,
			);
			defaultConfigurationIsVisible = 0;
			defaultConfigurationName = Release;
		};
		CDF236C92A59B5D300168CFC /* Build configuration list for PBXNativeTarget "SolatTests" */ = {
			isa = XCConfigurationList;
			buildConfigurations = (
				CDF236CA2A59B5D300168CFC /* Debug */,
				CDF236CB2A59B5D300168CFC /* Release */,
			);
			defaultConfigurationIsVisible = 0;
			defaultConfigurationName = Release;
		};
/* End XCConfigurationList section */
	};
	rootObject = CDF236992A59B5D100168CFC /* Project object */;
}
